// !$*UTF8*$!
{
	archiveVersion = 1;
	classes = {
	};
	objectVersion = 46;
	objects = {

/* Begin PBXBuildFile section */
		DE56C49A1D785136003B445D /* main.cpp in Sources */ = {isa = PBXBuildFile; fileRef = DE56C4991D785136003B445D /* main.cpp */; };
/* End PBXBuildFile section */

/* Begin PBXCopyFilesBuildPhase section */
		DE56C4941D785136003B445D /* CopyFiles */ = {
			isa = PBXCopyFilesBuildPhase;
			buildActionMask = 2147483647;
			dstPath = /usr/share/man/man1/;
			dstSubfolderSpec = 0;
			files = (
			);
			runOnlyForDeploymentPostprocessing = 1;
		};
/* End PBXCopyFilesBuildPhase section */

/* Begin PBXFileReference section */
		DE56C4961D785136003B445D /* gcj Round B APAC Test 2017 */ = {isa = PBXFileReference; explicitFileType = "compiled.mach-o.executable"; includeInIndex = 0; path = "gcj Round B APAC Test 2017"; sourceTree = BUILT_PRODUCTS_DIR; };
		DE56C4991D785136003B445D /* main.cpp */ = {isa = PBXFileReference; lastKnownFileType = sourcecode.cpp.cpp; path = main.cpp; sourceTree = "<group>"; };
		DE56C4A01D78516D003B445D /* A-small-practice.in */ = {isa = PBXFileReference; fileEncoding = 4; lastKnownFileType = text; path = "A-small-practice.in"; sourceTree = "<group>"; };
		DE56C4A11D785627003B445D /* A-large-practice.out */ = {isa = PBXFileReference; fileEncoding = 4; lastKnownFileType = text; path = "A-large-practice.out"; sourceTree = "<group>"; };
		DE56C4A21D7856A2003B445D /* A-large-practice.in */ = {isa = PBXFileReference; fileEncoding = 4; lastKnownFileType = text; path = "A-large-practice.in"; sourceTree = "<group>"; };
/* End PBXFileReference section */

/* Begin PBXFrameworksBuildPhase section */
		DE56C4931D785136003B445D /* Frameworks */ = {
			isa = PBXFrameworksBuildPhase;
			buildActionMask = 2147483647;
			files = (
			);
			runOnlyForDeploymentPostprocessing = 0;
		};
/* End PBXFrameworksBuildPhase section */

/* Begin PBXGroup section */
		DE56C48D1D785136003B445D = {
			isa = PBXGroup;
			children = (
				DE56C4981D785136003B445D /* gcj Round B APAC Test 2017 */,
				DE56C4971D785136003B445D /* Products */,
			);
			sourceTree = "<group>";
		};
		DE56C4971D785136003B445D /* Products */ = {
			isa = PBXGroup;
			children = (
				DE56C4961D785136003B445D /* gcj Round B APAC Test 2017 */,
			);
			name = Products;
			sourceTree = "<group>";
		};
		DE56C4981D785136003B445D /* gcj Round B APAC Test 2017 */ = {
			isa = PBXGroup;
			children = (
				DE56C4A21D7856A2003B445D /* A-large-practice.in */,
				DE56C4A01D78516D003B445D /* A-small-practice.in */,
				DE56C4991D785136003B445D /* main.cpp */,
				DE56C4A11D785627003B445D /* A-large-practice.out */,
			);
			path = "gcj Round B APAC Test 2017";
			sourceTree = "<group>";
		};
/* End PBXGroup section */

/* Begin PBXNativeTarget section */
		DE56C4951D785136003B445D /* gcj Round B APAC Test 2017 */ = {
			isa = PBXNativeTarget;
			buildConfigurationList = DE56C49D1D785136003B445D /* Build configuration list for PBXNativeTarget "gcj Round B APAC Test 2017" */;
			buildPhases = (
				DE56C4921D785136003B445D /* Sources */,
				DE56C4931D785136003B445D /* Frameworks */,
				DE56C4941D785136003B445D /* CopyFiles */,
			);
			buildRules = (
			);
			dependencies = (
			);
			name = "gcj Round B APAC Test 2017";
			productName = "gcj Round B APAC Test 2017";
			productReference = DE56C4961D785136003B445D /* gcj Round B APAC Test 2017 */;
			productType = "com.apple.product-type.tool";
		};
/* End PBXNativeTarget section */

/* Begin PBXProject section */
		DE56C48E1D785136003B445D /* Project object */ = {
			isa = PBXProject;
			attributes = {
				LastUpgradeCheck = 0720;
				ORGANIZATIONNAME = YuXiao;
				TargetAttributes = {
					DE56C4951D785136003B445D = {
						CreatedOnToolsVersion = 7.2.1;
					};
				};
			};
			buildConfigurationList = DE56C4911D785136003B445D /* Build configuration list for PBXProject "gcj Round B APAC Test 2017" */;
			compatibilityVersion = "Xcode 3.2";
			developmentRegion = English;
			hasScannedForEncodings = 0;
			knownRegions = (
				en,
			);
			mainGroup = DE56C48D1D785136003B445D;
			productRefGroup = DE56C4971D785136003B445D /* Products */;
			projectDirPath = "";
			projectRoot = "";
			targets = (
				DE56C4951D785136003B445D /* gcj Round B APAC Test 2017 */,
			);
		};
/* End PBXProject section */

/* Begin PBXSourcesBuildPhase section */
		DE56C4921D785136003B445D /* Sources */ = {
			isa = PBXSourcesBuildPhase;
			buildActionMask = 2147483647;
			files = (
				DE56C49A1D785136003B445D /* main.cpp in Sources */,
			);
			runOnlyForDeploymentPostprocessing = 0;
		};
/* End PBXSourcesBuildPhase section */

/* Begin XCBuildConfiguration section */
		DE56C49B1D785136003B445D /* Debug */ = {
			isa = XCBuildConfiguration;
			buildSettings = {
				ALWAYS_SEARCH_USER_PATHS = NO;
				CLANG_CXX_LANGUAGE_STANDARD = "gnu++0x";
				CLANG_CXX_LIBRARY = "libc++";
				CLANG_ENABLE_MODULES = YES;
				CLANG_ENABLE_OBJC_ARC = YES;
				CLANG_WARN_BOOL_CONVERSION = YES;
				CLANG_WARN_CONSTANT_CONVERSION = YES;
				CLANG_WARN_DIRECT_OBJC_ISA_USAGE = YES_ERROR;
				CLANG_WARN_EMPTY_BODY = YES;
				CLANG_WARN_ENUM_CONVERSION = YES;
				CLANG_WARN_INT_CONVERSION = YES;
				CLANG_WARN_OBJC_ROOT_CLASS = YES_ERROR;
				CLANG_WARN_UNREACHABLE_CODE = YES;
				CLANG_WARN__DUPLICATE_METHOD_MATCH = YES;
				CODE_SIGN_IDENTITY = "-";
				COPY_PHASE_STRIP = NO;
				DEBUG_INFORMATION_FORMAT = dwarf;
				ENABLE_STRICT_OBJC_MSGSEND = YES;
				ENABLE_TESTABILITY = YES;
				GCC_C_LANGUAGE_STANDARD = gnu99;
				GCC_DYNAMIC_NO_PIC = NO;
				GCC_NO_COMMON_BLOCKS = YES;
				GCC_OPTIMIZATION_LEVEL = 0;
				GCC_PREPROCESSOR_DEFINITIONS = (
					"DEBUG=1",
					"$(inherited)",
				);
				GCC_WARN_64_TO_32_BIT_CONVERSION = YES;
				GCC_WARN_ABOUT_RETURN_TYPE = YES_ERROR;
				GCC_WARN_UNDECLARED_SELECTOR = YES;
				GCC_WARN_UNINITIALIZED_AUTOS = YES_AGGRESSIVE;
				GCC_WARN_UNUSED_FUNCTION = YES;
				GCC_WARN_UNUSED_VARIABLE = YES;
				MACOSX_DEPLOYMENT_TARGET = 10.10;
				MTL_ENABLE_DEBUG_INFO = YES;
				ONLY_ACTIVE_ARCH = YES;
				SDKROOT = macosx;
			};
			name = Debug;
		};
		DE56C49C1D785136003B445D /* Release */ = {
			isa = XCBuildConfiguration;
			buildSettings = {
				ALWAYS_SEARCH_USER_PATHS = NO;
				CLANG_CXX_LANGUAGE_STANDARD = "gnu++0x";
				CLANG_CXX_LIBRARY = "libc++";
				CLANG_ENABLE_MODULES = YES;
				CLANG_ENABLE_OBJC_ARC = YES;
				CLANG_WARN_BOOL_CONVERSION = YES;
				CLANG_WARN_CONSTANT_CONVERSION = YES;
				CLANG_WARN_DIRECT_OBJC_ISA_USAGE = YES_ERROR;
				CLANG_WARN_EMPTY_BODY = YES;
				CLANG_WARN_ENUM_CONVERSION = YES;
				CLANG_WARN_INT_CONVERSION = YES;
				CLANG_WARN_OBJC_ROOT_CLASS = YES_ERROR;
				CLANG_WARN_UNREACHABLE_CODE = YES;
				CLANG_WARN__DUPLICATE_METHOD_MATCH = YES;
				CODE_SIGN_IDENTITY = "-";
				COPY_PHASE_STRIP = NO;
				DEBUG_INFORMATION_FORMAT = "dwarf-with-dsym";
				ENABLE_NS_ASSERTIONS = NO;
				ENABLE_STRICT_OBJC_MSGSEND = YES;
				GCC_C_LANGUAGE_STANDARD = gnu99;
				GCC_NO_COMMON_BLOCKS = YES;
				GCC_WARN_64_TO_32_BIT_CONVERSION = YES;
				GCC_WARN_ABOUT_RETURN_TYPE = YES_ERROR;
				GCC_WARN_UNDECLARED_SELECTOR = YES;
				GCC_WARN_UNINITIALIZED_AUTOS = YES_AGGRESSIVE;
				GCC_WARN_UNUSED_FUNCTION = YES;
				GCC_WARN_UNUSED_VARIABLE = YES;
				MACOSX_DEPLOYMENT_TARGET = 10.10;
				MTL_ENABLE_DEBUG_INFO = NO;
				SDKROOT = macosx;
			};
			name = Release;
		};
		DE56C49E1D785136003B445D /* Debug */ = {
			isa = XCBuildConfiguration;
			buildSettings = {
				PRODUCT_NAME = "$(TARGET_NAME)";
			};
			name = Debug;
		};
		DE56C49F1D785136003B445D /* Release */ = {
			isa = XCBuildConfiguration;
			buildSettings = {
				PRODUCT_NAME = "$(TARGET_NAME)";
			};
			name = Release;
		};
/* End XCBuildConfiguration section */

/* Begin XCConfigurationList section */
		DE56C4911D785136003B445D /* Build configuration list for PBXProject "gcj Round B APAC Test 2017" */ = {
			isa = XCConfigurationList;
			buildConfigurations = (
				DE56C49B1D785136003B445D /* Debug */,
				DE56C49C1D785136003B445D /* Release */,
			);
			defaultConfigurationIsVisible = 0;
			defaultConfigurationName = Release;
		};
		DE56C49D1D785136003B445D /* Build configuration list for PBXNativeTarget "gcj Round B APAC Test 2017" */ = {
			isa = XCConfigurationList;
			buildConfigurations = (
				DE56C49E1D785136003B445D /* Debug */,
				DE56C49F1D785136003B445D /* Release */,
			);
			defaultConfigurationIsVisible = 0;
		};
/* End XCConfigurationList section */
	};
	rootObject = DE56C48E1D785136003B445D /* Project object */;
}
